
Microsoft Visual Studio Solution File, Format Version 12.00
# Visual Studio Version 16
VisualStudioVersion = 16.0.29424.173
MinimumVisualStudioVersion = 10.0.40219.1
Project("{9A19103F-16F7-4668-BE54-9A1E7A4F7556}") = "TwojProfesorMD", "TwojProfesorMD\TwojProfesorMD.csproj", "{F8B08A39-C5A2-48AF-A042-F233C537469F}"
EndProject
Project("{FAE04EC0-301F-11D3-BF4B-00C04F79EFBC}") = "LibScrapeTP", "LibScrapeTP1\LibScrapeTP.csproj", "{35040960-98A4-44F7-AF50-02C5B6595B2D}"
EndProject
Global
	GlobalSection(SolutionConfigurationPlatforms) = preSolution
		Debug|Any CPU = Debug|Any CPU
		Release|Any CPU = Release|Any CPU
	EndGlobalSection
	GlobalSection(ProjectConfigurationPlatforms) = postSolution
		{F8B08A39-C5A2-48AF-A042-F233C537469F}.Debug|Any CPU.ActiveCfg = Debug|Any CPU
		{F8B08A39-C5A2-48AF-A042-F233C537469F}.Debug|Any CPU.Build.0 = Debug|Any CPU
		{F8B08A39-C5A2-48AF-A042-F233C537469F}.Release|Any CPU.ActiveCfg = Release|Any CPU
		{F8B08A39-C5A2-48AF-A042-F233C537469F}.Release|Any CPU.Build.0 = Release|Any CPU
		{35040960-98A4-44F7-AF50-02C5B6595B2D}.Debug|Any CPU.ActiveCfg = Debug|Any CPU
		{35040960-98A4-44F7-AF50-02C5B6595B2D}.Debug|Any CPU.Build.0 = Debug|Any CPU
		{35040960-98A4-44F7-AF50-02C5B6595B2D}.Release|Any CPU.ActiveCfg = Release|Any CPU
		{35040960-98A4-44F7-AF50-02C5B6595B2D}.Release|Any CPU.Build.0 = Release|Any CPU
	EndGlobalSection
	GlobalSection(SolutionProperties) = preSolution
		HideSolutionNode = FALSE
	EndGlobalSection
	GlobalSection(ExtensibilityGlobals) = postSolution
		SolutionGuid = {A506CF69-F44D-4020-8BDC-C8967433CF5E}
	EndGlobalSection
EndGlobal
